
Microsoft Visual Studio Solution File, Format Version 12.00
# Visual Studio 15
VisualStudioVersion = 15.0.27130.2027
MinimumVisualStudioVersion = 10.0.40219.1
Project("{9A19103F-16F7-4668-BE54-9A1E7A4F7556}") = "Albatross.CodeGen", "Albatross.CodeGen\Albatross.CodeGen.csproj", "{B99B890A-0FC3-4744-B880-416665E9580A}"
EndProject
Project("{9A19103F-16F7-4668-BE54-9A1E7A4F7556}") = "Albatross.CodeGen.UnitTest", "Albatross.CodeGen.UnitTest\Albatross.CodeGen.UnitTest.csproj", "{0135055F-595E-42DB-A70E-1DF23C57351A}"
EndProject
Project("{9A19103F-16F7-4668-BE54-9A1E7A4F7556}") = "Albatross.CodeGen.SqlServer", "Albatross.CodeGen.SqlServer\Albatross.CodeGen.SqlServer.csproj", "{0BD5819B-933B-4704-8AA4-D64153F819DA}"
EndProject
Project("{FAE04EC0-301F-11D3-BF4B-00C04F79EFBC}") = "Albatross.CodeGen.PowerShell", "Albatross.CodeGen.PowerShell\Albatross.CodeGen.PowerShell.csproj", "{2068C6BB-91E1-4D88-A220-756A5495E669}"
EndProject
Project("{9A19103F-16F7-4668-BE54-9A1E7A4F7556}") = "Albatross.CodeGen.SimpleInjector", "Albatross.CodeGen.Ioc\Albatross.CodeGen.SimpleInjector.csproj", "{1A49E3C5-2436-4C3A-A546-4072167F602E}"
EndProject
Project("{9A19103F-16F7-4668-BE54-9A1E7A4F7556}") = "scripts", "scripts\scripts.csproj", "{9B61713B-34E6-4055-9BB0-E9D3BA1216F7}"
EndProject
Global
	GlobalSection(SolutionConfigurationPlatforms) = preSolution
		Debug|Any CPU = Debug|Any CPU
		Debug|x64 = Debug|x64
		Default|Any CPU = Default|Any CPU
		Default|x64 = Default|x64
		Release|Any CPU = Release|Any CPU
		Release|x64 = Release|x64
	EndGlobalSection
	GlobalSection(ProjectConfigurationPlatforms) = postSolution
		{B99B890A-0FC3-4744-B880-416665E9580A}.Debug|Any CPU.ActiveCfg = Debug|Any CPU
		{B99B890A-0FC3-4744-B880-416665E9580A}.Debug|Any CPU.Build.0 = Debug|Any CPU
		{B99B890A-0FC3-4744-B880-416665E9580A}.Debug|x64.ActiveCfg = Debug|Any CPU
		{B99B890A-0FC3-4744-B880-416665E9580A}.Debug|x64.Build.0 = Debug|Any CPU
		{B99B890A-0FC3-4744-B880-416665E9580A}.Default|Any CPU.ActiveCfg = Debug|Any CPU
		{B99B890A-0FC3-4744-B880-416665E9580A}.Default|Any CPU.Build.0 = Debug|Any CPU
		{B99B890A-0FC3-4744-B880-416665E9580A}.Default|x64.ActiveCfg = Debug|Any CPU
		{B99B890A-0FC3-4744-B880-416665E9580A}.Default|x64.Build.0 = Debug|Any CPU
		{B99B890A-0FC3-4744-B880-416665E9580A}.Release|Any CPU.ActiveCfg = Release|Any CPU
		{B99B890A-0FC3-4744-B880-416665E9580A}.Release|Any CPU.Build.0 = Release|Any CPU
		{B99B890A-0FC3-4744-B880-416665E9580A}.Release|x64.ActiveCfg = Release|Any CPU
		{B99B890A-0FC3-4744-B880-416665E9580A}.Release|x64.Build.0 = Release|Any CPU
		{0135055F-595E-42DB-A70E-1DF23C57351A}.Debug|Any CPU.ActiveCfg = Debug|Any CPU
		{0135055F-595E-42DB-A70E-1DF23C57351A}.Debug|Any CPU.Build.0 = Debug|Any CPU
		{0135055F-595E-42DB-A70E-1DF23C57351A}.Debug|x64.ActiveCfg = Debug|Any CPU
		{0135055F-595E-42DB-A70E-1DF23C57351A}.Debug|x64.Build.0 = Debug|Any CPU
		{0135055F-595E-42DB-A70E-1DF23C57351A}.Default|Any CPU.ActiveCfg = Debug|Any CPU
		{0135055F-595E-42DB-A70E-1DF23C57351A}.Default|Any CPU.Build.0 = Debug|Any CPU
		{0135055F-595E-42DB-A70E-1DF23C57351A}.Default|x64.ActiveCfg = Debug|Any CPU
		{0135055F-595E-42DB-A70E-1DF23C57351A}.Default|x64.Build.0 = Debug|Any CPU
		{0135055F-595E-42DB-A70E-1DF23C57351A}.Release|Any CPU.ActiveCfg = Release|Any CPU
		{0135055F-595E-42DB-A70E-1DF23C57351A}.Release|Any CPU.Build.0 = Release|Any CPU
		{0135055F-595E-42DB-A70E-1DF23C57351A}.Release|x64.ActiveCfg = Release|Any CPU
		{0135055F-595E-42DB-A70E-1DF23C57351A}.Release|x64.Build.0 = Release|Any CPU
		{0BD5819B-933B-4704-8AA4-D64153F819DA}.Debug|Any CPU.ActiveCfg = Debug|Any CPU
		{0BD5819B-933B-4704-8AA4-D64153F819DA}.Debug|Any CPU.Build.0 = Debug|Any CPU
		{0BD5819B-933B-4704-8AA4-D64153F819DA}.Debug|x64.ActiveCfg = Debug|Any CPU
		{0BD5819B-933B-4704-8AA4-D64153F819DA}.Debug|x64.Build.0 = Debug|Any CPU
		{0BD5819B-933B-4704-8AA4-D64153F819DA}.Default|Any CPU.ActiveCfg = Debug|Any CPU
		{0BD5819B-933B-4704-8AA4-D64153F819DA}.Default|Any CPU.Build.0 = Debug|Any CPU
		{0BD5819B-933B-4704-8AA4-D64153F819DA}.Default|x64.ActiveCfg = Debug|Any CPU
		{0BD5819B-933B-4704-8AA4-D64153F819DA}.Default|x64.Build.0 = Debug|Any CPU
		{0BD5819B-933B-4704-8AA4-D64153F819DA}.Release|Any CPU.ActiveCfg = Release|Any CPU
		{0BD5819B-933B-4704-8AA4-D64153F819DA}.Release|Any CPU.Build.0 = Release|Any CPU
		{0BD5819B-933B-4704-8AA4-D64153F819DA}.Release|x64.ActiveCfg = Release|Any CPU
		{0BD5819B-933B-4704-8AA4-D64153F819DA}.Release|x64.Build.0 = Release|Any CPU
		{2068C6BB-91E1-4D88-A220-756A5495E669}.Debug|Any CPU.ActiveCfg = Debug|Any CPU
		{2068C6BB-91E1-4D88-A220-756A5495E669}.Debug|Any CPU.Build.0 = Debug|Any CPU
		{2068C6BB-91E1-4D88-A220-756A5495E669}.Debug|x64.ActiveCfg = Debug|Any CPU
		{2068C6BB-91E1-4D88-A220-756A5495E669}.Debug|x64.Build.0 = Debug|Any CPU
		{2068C6BB-91E1-4D88-A220-756A5495E669}.Default|Any CPU.ActiveCfg = Debug|Any CPU
		{2068C6BB-91E1-4D88-A220-756A5495E669}.Default|Any CPU.Build.0 = Debug|Any CPU
		{2068C6BB-91E1-4D88-A220-756A5495E669}.Default|x64.ActiveCfg = Debug|Any CPU
		{2068C6BB-91E1-4D88-A220-756A5495E669}.Release|Any CPU.ActiveCfg = Release|Any CPU
		{2068C6BB-91E1-4D88-A220-756A5495E669}.Release|Any CPU.Build.0 = Release|Any CPU
		{2068C6BB-91E1-4D88-A220-756A5495E669}.Release|x64.ActiveCfg = Release|Any CPU
		{2068C6BB-91E1-4D88-A220-756A5495E669}.Release|x64.Build.0 = Release|Any CPU
		{1A49E3C5-2436-4C3A-A546-4072167F602E}.Debug|Any CPU.ActiveCfg = Debug|Any CPU
		{1A49E3C5-2436-4C3A-A546-4072167F602E}.Debug|Any CPU.Build.0 = Debug|Any CPU
		{1A49E3C5-2436-4C3A-A546-4072167F602E}.Debug|x64.ActiveCfg = Debug|Any CPU
		{1A49E3C5-2436-4C3A-A546-4072167F602E}.Debug|x64.Build.0 = Debug|Any CPU
		{1A49E3C5-2436-4C3A-A546-4072167F602E}.Default|Any CPU.ActiveCfg = Debug|Any CPU
		{1A49E3C5-2436-4C3A-A546-4072167F602E}.Default|Any CPU.Build.0 = Debug|Any CPU
		{1A49E3C5-2436-4C3A-A546-4072167F602E}.Default|x64.ActiveCfg = Debug|Any CPU
		{1A49E3C5-2436-4C3A-A546-4072167F602E}.Default|x64.Build.0 = Debug|Any CPU
		{1A49E3C5-2436-4C3A-A546-4072167F602E}.Release|Any CPU.ActiveCfg = Release|Any CPU
		{1A49E3C5-2436-4C3A-A546-4072167F602E}.Release|Any CPU.Build.0 = Release|Any CPU
		{1A49E3C5-2436-4C3A-A546-4072167F602E}.Release|x64.ActiveCfg = Release|Any CPU
		{1A49E3C5-2436-4C3A-A546-4072167F602E}.Release|x64.Build.0 = Release|Any CPU
		{9B61713B-34E6-4055-9BB0-E9D3BA1216F7}.Debug|Any CPU.ActiveCfg = Debug|Any CPU
		{9B61713B-34E6-4055-9BB0-E9D3BA1216F7}.Debug|Any CPU.Build.0 = Debug|Any CPU
		{9B61713B-34E6-4055-9BB0-E9D3BA1216F7}.Debug|x64.ActiveCfg = Debug|Any CPU
		{9B61713B-34E6-4055-9BB0-E9D3BA1216F7}.Debug|x64.Build.0 = Debug|Any CPU
		{9B61713B-34E6-4055-9BB0-E9D3BA1216F7}.Default|Any CPU.ActiveCfg = Debug|Any CPU
		{9B61713B-34E6-4055-9BB0-E9D3BA1216F7}.Default|Any CPU.Build.0 = Debug|Any CPU
		{9B61713B-34E6-4055-9BB0-E9D3BA1216F7}.Default|x64.ActiveCfg = Debug|Any CPU
		{9B61713B-34E6-4055-9BB0-E9D3BA1216F7}.Default|x64.Build.0 = Debug|Any CPU
		{9B61713B-34E6-4055-9BB0-E9D3BA1216F7}.Release|Any CPU.ActiveCfg = Release|Any CPU
		{9B61713B-34E6-4055-9BB0-E9D3BA1216F7}.Release|Any CPU.Build.0 = Release|Any CPU
		{9B61713B-34E6-4055-9BB0-E9D3BA1216F7}.Release|x64.ActiveCfg = Release|Any CPU
		{9B61713B-34E6-4055-9BB0-E9D3BA1216F7}.Release|x64.Build.0 = Release|Any CPU
	EndGlobalSection
	GlobalSection(SolutionProperties) = preSolution
		HideSolutionNode = FALSE
	EndGlobalSection
	GlobalSection(ExtensibilityGlobals) = postSolution
		SolutionGuid = {8E6AD19A-703E-4DCE-92B7-50652D34EE15}
		SolutionGToold = {DC66FBE3-16F6-4FE3-BA4F-D3C380D2AB75}
	EndGlobalSection
EndGlobal
